// !$*UTF8*$!
{
	archiveVersion = 1;
	classes = {
	};
	objectVersion = 77;
	objects = {

/* Begin PBXContainerItemProxy section */
		DFACFB322E67D7C100CC336C /* PBXContainerItemProxy */ = {
			isa = PBXContainerItemProxy;
			containerPortal = DFACFB1C2E67D7BF00CC336C /* Project object */;
			proxyType = 1;
			remoteGlobalIDString = DFACFB232E67D7BF00CC336C;
			remoteInfo = Greyspace;
		};
		DFACFB3C2E67D7C100CC336C /* PBXContainerItemProxy */ = {
			isa = PBXContainerItemProxy;
			containerPortal = DFACFB1C2E67D7BF00CC336C /* Project object */;
			proxyType = 1;
			remoteGlobalIDString = DFACFB232E67D7BF00CC336C;
			remoteInfo = Greyspace;
		};
/* End PBXContainerItemProxy section */

/* Begin PBXFileReference section */
		DFACFB242E67D7BF00CC336C /* Greyspace.app */ = {isa = PBXFileReference; explicitFileType = wrapper.application; includeInIndex = 0; path = Greyspace.app; sourceTree = BUILT_PRODUCTS_DIR; };
		DFACFB312E67D7C100CC336C /* GreyspaceTests.xctest */ = {isa = PBXFileReference; explicitFileType = wrapper.cfbundle; includeInIndex = 0; path = GreyspaceTests.xctest; sourceTree = BUILT_PRODUCTS_DIR; };
		DFACFB3B2E67D7C100CC336C /* GreyspaceUITests.xctest */ = {isa = PBXFileReference; explicitFileType = wrapper.cfbundle; includeInIndex = 0; path = GreyspaceUITests.xctest; sourceTree = BUILT_PRODUCTS_DIR; };
/* End PBXFileReference section */

/* Begin PBXFileSystemSynchronizedBuildFileExceptionSet section */
		DFC39A072E7E07260071D286 /* Exceptions for "Greyspace" folder in "Greyspace" target */ = {
			isa = PBXFileSystemSynchronizedBuildFileExceptionSet;
			membershipExceptions = (
				Info.plist,
			);
			target = DFACFB232E67D7BF00CC336C /* Greyspace */;
		};
/* End PBXFileSystemSynchronizedBuildFileExceptionSet section */

/* Begin PBXFileSystemSynchronizedRootGroup section */
		DFACFB262E67D7BF00CC336C /* Greyspace */ = {
			isa = PBXFileSystemSynchronizedRootGroup;
			exceptions = (
				DFC39A072E7E07260071D286 /* Exceptions for "Greyspace" folder in "Greyspace" target */,
			);
			path = Greyspace;
			sourceTree = "<group>";
		};
		DFACFB342E67D7C100CC336C /* GreyspaceTests */ = {
			isa = PBXFileSystemSynchronizedRootGroup;
			path = GreyspaceTests;
			sourceTree = "<group>";
		};
		DFACFB3E2E67D7C100CC336C /* GreyspaceUITests */ = {
			isa = PBXFileSystemSynchronizedRootGroup;
			path = GreyspaceUITests;
			sourceTree = "<group>";
		};
/* End PBXFileSystemSynchronizedRootGroup section */

/* Begin PBXFrameworksBuildPhase section */
		DFACFB212E67D7BF00CC336C /* Frameworks */ = {
			isa = PBXFrameworksBuildPhase;
			buildActionMask = 2147483647;
			files = (
			);
			runOnlyForDeploymentPostprocessing = 0;
		};
		DFACFB2E2E67D7C100CC336C /* Frameworks */ = {
			isa = PBXFrameworksBuildPhase;
			buildActionMask = 2147483647;
			files = (
			);
			runOnlyForDeploymentPostprocessing = 0;
		};
		DFACFB382E67D7C100CC336C /* Frameworks */ = {
			isa = PBXFrameworksBuildPhase;
			buildActionMask = 2147483647;
			files = (
			);
			runOnlyForDeploymentPostprocessing = 0;
		};
/* End PBXFrameworksBuildPhase section */

/* Begin PBXGroup section */
		DFACFB1B2E67D7BF00CC336C = {
			isa = PBXGroup;
			children = (
				DFACFB262E67D7BF00CC336C /* Greyspace */,
				DFACFB342E67D7C100CC336C /* GreyspaceTests */,
				DFACFB3E2E67D7C100CC336C /* GreyspaceUITests */,
				DFACFB252E67D7BF00CC336C /* Products */,
			);
			sourceTree = "<group>";
		};
		DFACFB252E67D7BF00CC336C /* Products */ = {
			isa = PBXGroup;
			children = (
				DFACFB242E67D7BF00CC336C /* Greyspace.app */,
				DFACFB312E67D7C100CC336C /* GreyspaceTests.xctest */,
				DFACFB3B2E67D7C100CC336C /* GreyspaceUITests.xctest */,
			);
			name = Products;
			sourceTree = "<group>";
		};
/* End PBXGroup section */

/* Begin PBXNativeTarget section */
		DFACFB232E67D7BF00CC336C /* Greyspace */ = {
			isa = PBXNativeTarget;
			buildConfigurationList = DFACFB452E67D7C100CC336C /* Build configuration list for PBXNativeTarget "Greyspace" */;
			buildPhases = (
				DFACFB202E67D7BF00CC336C /* Sources */,
				DFACFB212E67D7BF00CC336C /* Frameworks */,
				DFACFB222E67D7BF00CC336C /* Resources */,
			);
			buildRules = (
			);
			dependencies = (
			);
			fileSystemSynchronizedGroups = (
				DFACFB262E67D7BF00CC336C /* Greyspace */,
			);
			name = Greyspace;
			packageProductDependencies = (
			);
			productName = Greyspace;
			productReference = DFACFB242E67D7BF00CC336C /* Greyspace.app */;
			productType = "com.apple.product-type.application";
		};
		DFACFB302E67D7C100CC336C /* GreyspaceTests */ = {
			isa = PBXNativeTarget;
			buildConfigurationList = DFACFB482E67D7C100CC336C /* Build configuration list for PBXNativeTarget "GreyspaceTests" */;
			buildPhases = (
				DFACFB2D2E67D7C100CC336C /* Sources */,
				DFACFB2E2E67D7C100CC336C /* Frameworks */,
				DFACFB2F2E67D7C100CC336C /* Resources */,
			);
			buildRules = (
			);
			dependencies = (
				DFACFB332E67D7C100CC336C /* PBXTargetDependency */,
			);
			fileSystemSynchronizedGroups = (
				DFACFB342E67D7C100CC336C /* GreyspaceTests */,
			);
			name = GreyspaceTests;
			packageProductDependencies = (
			);
			productName = GreyspaceTests;
			productReference = DFACFB312E67D7C100CC336C /* GreyspaceTests.xctest */;
			productType = "com.apple.product-type.bundle.unit-test";
		};
		DFACFB3A2E67D7C100CC336C /* GreyspaceUITests */ = {
			isa = PBXNativeTarget;
			buildConfigurationList = DFACFB4B2E67D7C100CC336C /* Build configuration list for PBXNativeTarget "GreyspaceUITests" */;
			buildPhases = (
				DFACFB372E67D7C100CC336C /* Sources */,
				DFACFB382E67D7C100CC336C /* Frameworks */,
				DFACFB392E67D7C100CC336C /* Resources */,
			);
			buildRules = (
			);
			dependencies = (
				DFACFB3D2E67D7C100CC336C /* PBXTargetDependency */,
			);
			fileSystemSynchronizedGroups = (
				DFACFB3E2E67D7C100CC336C /* GreyspaceUITests */,
			);
			name = GreyspaceUITests;
			packageProductDependencies = (
			);
			productName = GreyspaceUITests;
			productReference = DFACFB3B2E67D7C100CC336C /* GreyspaceUITests.xctest */;
			productType = "com.apple.product-type.bundle.ui-testing";
		};
/* End PBXNativeTarget section */

/* Begin PBXProject section */
		DFACFB1C2E67D7BF00CC336C /* Project object */ = {
			isa = PBXProject;
			attributes = {
				BuildIndependentTargetsInParallel = 1;
				LastSwiftUpdateCheck = 1630;
				LastUpgradeCheck = 1630;
				TargetAttributes = {
					DFACFB232E67D7BF00CC336C = {
						CreatedOnToolsVersion = 16.3;
					};
					DFACFB302E67D7C100CC336C = {
						CreatedOnToolsVersion = 16.3;
						TestTargetID = DFACFB232E67D7BF00CC336C;
					};
					DFACFB3A2E67D7C100CC336C = {
						CreatedOnToolsVersion = 16.3;
						TestTargetID = DFACFB232E67D7BF00CC336C;
					};
				};
			};
			buildConfigurationList = DFACFB1F2E67D7BF00CC336C /* Build configuration list for PBXProject "Greyspace" */;
			developmentRegion = en;
			hasScannedForEncodings = 0;
			knownRegions = (
				en,
				Base,
			);
			mainGroup = DFACFB1B2E67D7BF00CC336C;
			minimizedProjectReferenceProxies = 1;
			preferredProjectObjectVersion = 77;
			productRefGroup = DFACFB252E67D7BF00CC336C /* Products */;
			projectDirPath = "";
			projectRoot = "";
			targets = (
				DFACFB232E67D7BF00CC336C /* Greyspace */,
				DFACFB302E67D7C100CC336C /* GreyspaceTests */,
				DFACFB3A2E67D7C100CC336C /* GreyspaceUITests */,
			);
		};
/* End PBXProject section */

/* Begin PBXResourcesBuildPhase section */
		DFACFB222E67D7BF00CC336C /* Resources */ = {
			isa = PBXResourcesBuildPhase;
			buildActionMask = 2147483647;
			files = (
			);
			runOnlyForDeploymentPostprocessing = 0;
		};
		DFACFB2F2E67D7C100CC336C /* Resources */ = {
			isa = PBXResourcesBuildPhase;
			buildActionMask = 2147483647;
			files = (
			);
			runOnlyForDeploymentPostprocessing = 0;
		};
		DFACFB392E67D7C100CC336C /* Resources */ = {
			isa = PBXResourcesBuildPhase;
			buildActionMask = 2147483647;
			files = (
			);
			runOnlyForDeploymentPostprocessing = 0;
		};
/* End PBXResourcesBuildPhase section */

/* Begin PBXSourcesBuildPhase section */
		DFACFB202E67D7BF00CC336C /* Sources */ = {
			isa = PBXSourcesBuildPhase;
			buildActionMask = 2147483647;
			files = (
			);
			runOnlyForDeploymentPostprocessing = 0;
		};
		DFACFB2D2E67D7C100CC336C /* Sources */ = {
			isa = PBXSourcesBuildPhase;
			buildActionMask = 2147483647;
			files = (
			);
			runOnlyForDeploymentPostprocessing = 0;
		};
		DFACFB372E67D7C100CC336C /* Sources */ = {
			isa = PBXSourcesBuildPhase;
			buildActionMask = 2147483647;
			files = (
			);
			runOnlyForDeploymentPostprocessing = 0;
		};
/* End PBXSourcesBuildPhase section */

/* Begin PBXTargetDependency section */
		DFACFB332E67D7C100CC336C /* PBXTargetDependency */ = {
			isa = PBXTargetDependency;
			target = DFACFB232E67D7BF00CC336C /* Greyspace */;
			targetProxy = DFACFB322E67D7C100CC336C /* PBXContainerItemProxy */;
		};
		DFACFB3D2E67D7C100CC336C /* PBXTargetDependency */ = {
			isa = PBXTargetDependency;
			target = DFACFB232E67D7BF00CC336C /* Greyspace */;
			targetProxy = DFACFB3C2E67D7C100CC336C /* PBXContainerItemProxy */;
		};
/* End PBXTargetDependency section */

/* Begin XCBuildConfiguration section */
		DFACFB432E67D7C100CC336C /* Debug */ = {
			isa = XCBuildConfiguration;
			buildSettings = {
				ALWAYS_SEARCH_USER_PATHS = NO;
				ASSETCATALOG_COMPILER_GENERATE_SWIFT_ASSET_SYMBOL_EXTENSIONS = YES;
				CLANG_ANALYZER_NONNULL = YES;
				CLANG_ANALYZER_NUMBER_OBJECT_CONVERSION = YES_AGGRESSIVE;
				CLANG_CXX_LANGUAGE_STANDARD = "gnu++20";
				CLANG_ENABLE_MODULES = YES;
				CLANG_ENABLE_OBJC_ARC = YES;
				CLANG_ENABLE_OBJC_WEAK = YES;
				CLANG_WARN_BLOCK_CAPTURE_AUTORELEASING = YES;
				CLANG_WARN_BOOL_CONVERSION = YES;
				CLANG_WARN_COMMA = YES;
				CLANG_WARN_CONSTANT_CONVERSION = YES;
				CLANG_WARN_DEPRECATED_OBJC_IMPLEMENTATIONS = YES;
				CLANG_WARN_DIRECT_OBJC_ISA_USAGE = YES_ERROR;
				CLANG_WARN_DOCUMENTATION_COMMENTS = YES;
				CLANG_WARN_EMPTY_BODY = YES;
				CLANG_WARN_ENUM_CONVERSION = YES;
				CLANG_WARN_INFINITE_RECURSION = YES;
				CLANG_WARN_INT_CONVERSION = YES;
				CLANG_WARN_NON_LITERAL_NULL_CONVERSION = YES;
				CLANG_WARN_OBJC_IMPLICIT_RETAIN_SELF = YES;
				CLANG_WARN_OBJC_LITERAL_CONVERSION = YES;
				CLANG_WARN_OBJC_ROOT_CLASS = YES_ERROR;
				CLANG_WARN_QUOTED_INCLUDE_IN_FRAMEWORK_HEADER = YES;
				CLANG_WARN_RANGE_LOOP_ANALYSIS = YES;
				CLANG_WARN_STRICT_PROTOTYPES = YES;
				CLANG_WARN_SUSPICIOUS_MOVE = YES;
				CLANG_WARN_UNGUARDED_AVAILABILITY = YES_AGGRESSIVE;
				CLANG_WARN_UNREACHABLE_CODE = YES;
				CLANG_WARN__DUPLICATE_METHOD_MATCH = YES;
				COPY_PHASE_STRIP = NO;
				DEBUG_INFORMATION_FORMAT = dwarf;
				DEVELOPMENT_TEAM = 3Y5WMTH78J;
				ENABLE_STRICT_OBJC_MSGSEND = YES;
				ENABLE_TESTABILITY = YES;
				ENABLE_USER_SCRIPT_SANDBOXING = YES;
				GCC_C_LANGUAGE_STANDARD = gnu17;
				GCC_DYNAMIC_NO_PIC = NO;
				GCC_NO_COMMON_BLOCKS = YES;
				GCC_OPTIMIZATION_LEVEL = 0;
				GCC_PREPROCESSOR_DEFINITIONS = (
					"DEBUG=1",
					"$(inherited)",
				);
				GCC_WARN_64_TO_32_BIT_CONVERSION = YES;
				GCC_WARN_ABOUT_RETURN_TYPE = YES_ERROR;
				GCC_WARN_UNDECLARED_SELECTOR = YES;
				GCC_WARN_UNINITIALIZED_AUTOS = YES_AGGRESSIVE;
				GCC_WARN_UNUSED_FUNCTION = YES;
				GCC_WARN_UNUSED_VARIABLE = YES;
				IPHONEOS_DEPLOYMENT_TARGET = 18.4;
				LOCALIZATION_PREFERS_STRING_CATALOGS = YES;
				MTL_ENABLE_DEBUG_INFO = INCLUDE_SOURCE;
				MTL_FAST_MATH = YES;
				ONLY_ACTIVE_ARCH = YES;
				SDKROOT = iphoneos;
				SWIFT_ACTIVE_COMPILATION_CONDITIONS = "DEBUG $(inherited)";
				SWIFT_OPTIMIZATION_LEVEL = "-Onone";
			};
			name = Debug;
		};
		DFACFB442E67D7C100CC336C /* Release */ = {
			isa = XCBuildConfiguration;
			buildSettings = {
				ALWAYS_SEARCH_USER_PATHS = NO;
				ASSETCATALOG_COMPILER_GENERATE_SWIFT_ASSET_SYMBOL_EXTENSIONS = YES;
				CLANG_ANALYZER_NONNULL = YES;
				CLANG_ANALYZER_NUMBER_OBJECT_CONVERSION = YES_AGGRESSIVE;
				CLANG_CXX_LANGUAGE_STANDARD = "gnu++20";
				CLANG_ENABLE_MODULES = YES;
				CLANG_ENABLE_OBJC_ARC = YES;
				CLANG_ENABLE_OBJC_WEAK = YES;
				CLANG_WARN_BLOCK_CAPTURE_AUTORELEASING = YES;
				CLANG_WARN_BOOL_CONVERSION = YES;
				CLANG_WARN_COMMA = YES;
				CLANG_WARN_CONSTANT_CONVERSION = YES;
				CLANG_WARN_DEPRECATED_OBJC_IMPLEMENTATIONS = YES;
				CLANG_WARN_DIRECT_OBJC_ISA_USAGE = YES_ERROR;
				CLANG_WARN_DOCUMENTATION_COMMENTS = YES;
				CLANG_WARN_EMPTY_BODY = YES;
				CLANG_WARN_ENUM_CONVERSION = YES;
				CLANG_WARN_INFINITE_RECURSION = YES;
				CLANG_WARN_INT_CONVERSION = YES;
				CLANG_WARN_NON_LITERAL_NULL_CONVERSION = YES;
				CLANG_WARN_OBJC_IMPLICIT_RETAIN_SELF = YES;
				CLANG_WARN_OBJC_LITERAL_CONVERSION = YES;
				CLANG_WARN_OBJC_ROOT_CLASS = YES_ERROR;
				CLANG_WARN_QUOTED_INCLUDE_IN_FRAMEWORK_HEADER = YES;
				CLANG_WARN_RANGE_LOOP_ANALYSIS = YES;
				CLANG_WARN_STRICT_PROTOTYPES = YES;
				CLANG_WARN_SUSPICIOUS_MOVE = YES;
				CLANG_WARN_UNGUARDED_AVAILABILITY = YES_AGGRESSIVE;
				CLANG_WARN_UNREACHABLE_CODE = YES;
				CLANG_WARN__DUPLICATE_METHOD_MATCH = YES;
				COPY_PHASE_STRIP = NO;
				DEBUG_INFORMATION_FORMAT = "dwarf-with-dsym";
				DEVELOPMENT_TEAM = 3Y5WMTH78J;
				ENABLE_NS_ASSERTIONS = NO;
				ENABLE_STRICT_OBJC_MSGSEND = YES;
				ENABLE_USER_SCRIPT_SANDBOXING = YES;
				GCC_C_LANGUAGE_STANDARD = gnu17;
				GCC_NO_COMMON_BLOCKS = YES;
				GCC_WARN_64_TO_32_BIT_CONVERSION = YES;
				GCC_WARN_ABOUT_RETURN_TYPE = YES_ERROR;
				GCC_WARN_UNDECLARED_SELECTOR = YES;
				GCC_WARN_UNINITIALIZED_AUTOS = YES_AGGRESSIVE;
				GCC_WARN_UNUSED_FUNCTION = YES;
				GCC_WARN_UNUSED_VARIABLE = YES;
				IPHONEOS_DEPLOYMENT_TARGET = 18.4;
				LOCALIZATION_PREFERS_STRING_CATALOGS = YES;
				MTL_ENABLE_DEBUG_INFO = NO;
				MTL_FAST_MATH = YES;
				SDKROOT = iphoneos;
				SWIFT_COMPILATION_MODE = wholemodule;
				VALIDATE_PRODUCT = YES;
			};
			name = Release;
		};
		DFACFB462E67D7C100CC336C /* Debug */ = {
			isa = XCBuildConfiguration;
			buildSettings = {
				ASSETCATALOG_COMPILER_APPICON_NAME = AppIcon;
				ASSETCATALOG_COMPILER_GLOBAL_ACCENT_COLOR_NAME = AccentColor;
				CODE_SIGN_STYLE = Automatic;
				CURRENT_PROJECT_VERSION = 1;
				DEVELOPMENT_TEAM = 3Y5WMTH78J;
				ENABLE_PREVIEWS = YES;
				GENERATE_INFOPLIST_FILE = YES;
				INFOPLIST_FILE = Greyspace/Info.plist;
				INFOPLIST_KEY_LSApplicationCategoryType = "public.app-category.lifestyle";
				INFOPLIST_KEY_NSPhotoLibraryUsageDescription = "Greyspace adds photos you choose to your private check-ins.";
				INFOPLIST_KEY_UIApplicationSceneManifest_Generation = YES;
				INFOPLIST_KEY_UIApplicationSupportsIndirectInputEvents = YES;
				INFOPLIST_KEY_UILaunchScreen_Generation = YES;
				INFOPLIST_KEY_UISupportedInterfaceOrientations = "UIInterfaceOrientationLandscapeLeft UIInterfaceOrientationLandscapeRight UIInterfaceOrientationPortrait";
				INFOPLIST_KEY_UISupportedInterfaceOrientations_iPad = "UIInterfaceOrientationLandscapeLeft UIInterfaceOrientationLandscapeRight UIInterfaceOrientationPortrait UIInterfaceOrientationPortraitUpsideDown";
				LD_RUNPATH_SEARCH_PATHS = (
					"$(inherited)",
					"@executable_path/Frameworks",
				);
				MARKETING_VERSION = 1.0;
				PRODUCT_BUNDLE_IDENTIFIER = Greyspace.Greyspace;
				PRODUCT_NAME = "$(TARGET_NAME)";
				SUPPORTED_PLATFORMS = "iphoneos iphonesimulator";
				SUPPORTS_MACCATALYST = NO;
				SUPPORTS_MAC_DESIGNED_FOR_IPHONE_IPAD = NO;
				SUPPORTS_XR_DESIGNED_FOR_IPHONE_IPAD = NO;
				SWIFT_EMIT_LOC_STRINGS = YES;
				SWIFT_VERSION = 5.0;
				TARGETED_DEVICE_FAMILY = 1;
			};
			name = Debug;
		};
		DFACFB472E67D7C100CC336C /* Release */ = {
			isa = XCBuildConfiguration;
			buildSettings = {
				ASSETCATALOG_COMPILER_APPICON_NAME = AppIcon;
				ASSETCATALOG_COMPILER_GLOBAL_ACCENT_COLOR_NAME = AccentColor;
				CODE_SIGN_STYLE = Automatic;
				CURRENT_PROJECT_VERSION = 1;
				DEVELOPMENT_TEAM = 3Y5WMTH78J;
				ENABLE_PREVIEWS = YES;
				GENERATE_INFOPLIST_FILE = YES;
				INFOPLIST_FILE = Greyspace/Info.plist;
				INFOPLIST_KEY_LSApplicationCategoryType = "public.app-category.lifestyle";
				INFOPLIST_KEY_NSPhotoLibraryUsageDescription = "Greyspace adds photos you choose to your private check-ins.";
				INFOPLIST_KEY_UIApplicationSceneManifest_Generation = YES;
				INFOPLIST_KEY_UIApplicationSupportsIndirectInputEvents = YES;
				INFOPLIST_KEY_UILaunchScreen_Generation = YES;
				INFOPLIST_KEY_UISupportedInterfaceOrientations = "UIInterfaceOrientationLandscapeLeft UIInterfaceOrientationLandscapeRight UIInterfaceOrientationPortrait";
				INFOPLIST_KEY_UISupportedInterfaceOrientations_iPad = "UIInterfaceOrientationLandscapeLeft UIInterfaceOrientationLandscapeRight UIInterfaceOrientationPortrait UIInterfaceOrientationPortraitUpsideDown";
				LD_RUNPATH_SEARCH_PATHS = (
					"$(inherited)",
					"@executable_path/Frameworks",
				);
				MARKETING_VERSION = 1.0;
				PRODUCT_BUNDLE_IDENTIFIER = Greyspace.Greyspace;
				PRODUCT_NAME = "$(TARGET_NAME)";
				SUPPORTED_PLATFORMS = "iphoneos iphonesimulator";
				SUPPORTS_MACCATALYST = NO;
				SUPPORTS_MAC_DESIGNED_FOR_IPHONE_IPAD = NO;
				SUPPORTS_XR_DESIGNED_FOR_IPHONE_IPAD = NO;
				SWIFT_EMIT_LOC_STRINGS = YES;
				SWIFT_VERSION = 5.0;
				TARGETED_DEVICE_FAMILY = 1;
			};
			name = Release;
		};
		DFACFB492E67D7C100CC336C /* Debug */ = {
			isa = XCBuildConfiguration;
			buildSettings = {
				BUNDLE_LOADER = "$(TEST_HOST)";
				CODE_SIGN_STYLE = Automatic;
				CURRENT_PROJECT_VERSION = 1;
				DEVELOPMENT_TEAM = 3Y5WMTH78J;
				GENERATE_INFOPLIST_FILE = YES;
				IPHONEOS_DEPLOYMENT_TARGET = 18.4;
				MARKETING_VERSION = 1.0;
				PRODUCT_BUNDLE_IDENTIFIER = Greyspace.GreyspaceTests;
				PRODUCT_NAME = "$(TARGET_NAME)";
				SWIFT_EMIT_LOC_STRINGS = NO;
				SWIFT_VERSION = 5.0;
				TARGETED_DEVICE_FAMILY = "1,2";
				TEST_HOST = "$(BUILT_PRODUCTS_DIR)/Greyspace.app/$(BUNDLE_EXECUTABLE_FOLDER_PATH)/Greyspace";
			};
			name = Debug;
		};
		DFACFB4A2E67D7C100CC336C /* Release */ = {
			isa = XCBuildConfiguration;
			buildSettings = {
				BUNDLE_LOADER = "$(TEST_HOST)";
				CODE_SIGN_STYLE = Automatic;
				CURRENT_PROJECT_VERSION = 1;
				DEVELOPMENT_TEAM = 3Y5WMTH78J;
				GENERATE_INFOPLIST_FILE = YES;
				IPHONEOS_DEPLOYMENT_TARGET = 18.4;
				MARKETING_VERSION = 1.0;
				PRODUCT_BUNDLE_IDENTIFIER = Greyspace.GreyspaceTests;
				PRODUCT_NAME = "$(TARGET_NAME)";
				SWIFT_EMIT_LOC_STRINGS = NO;
				SWIFT_VERSION = 5.0;
				TARGETED_DEVICE_FAMILY = "1,2";
				TEST_HOST = "$(BUILT_PRODUCTS_DIR)/Greyspace.app/$(BUNDLE_EXECUTABLE_FOLDER_PATH)/Greyspace";
			};
			name = Release;
		};
		DFACFB4C2E67D7C100CC336C /* Debug */ = {
			isa = XCBuildConfiguration;
			buildSettings = {
				CODE_SIGN_STYLE = Automatic;
				CURRENT_PROJECT_VERSION = 1;
				DEVELOPMENT_TEAM = 3Y5WMTH78J;
				GENERATE_INFOPLIST_FILE = YES;
				MARKETING_VERSION = 1.0;
				PRODUCT_BUNDLE_IDENTIFIER = Greyspace.GreyspaceUITests;
				PRODUCT_NAME = "$(TARGET_NAME)";
				SWIFT_EMIT_LOC_STRINGS = NO;
				SWIFT_VERSION = 5.0;
				TARGETED_DEVICE_FAMILY = "1,2";
				TEST_TARGET_NAME = Greyspace;
			};
			name = Debug;
		};
		DFACFB4D2E67D7C100CC336C /* Release */ = {
			isa = XCBuildConfiguration;
			buildSettings = {
				CODE_SIGN_STYLE = Automatic;
				CURRENT_PROJECT_VERSION = 1;
				DEVELOPMENT_TEAM = 3Y5WMTH78J;
				GENERATE_INFOPLIST_FILE = YES;
				MARKETING_VERSION = 1.0;
				PRODUCT_BUNDLE_IDENTIFIER = Greyspace.GreyspaceUITests;
				PRODUCT_NAME = "$(TARGET_NAME)";
				SWIFT_EMIT_LOC_STRINGS = NO;
				SWIFT_VERSION = 5.0;
				TARGETED_DEVICE_FAMILY = "1,2";
				TEST_TARGET_NAME = Greyspace;
			};
			name = Release;
		};
/* End XCBuildConfiguration section */

/* Begin XCConfigurationList section */
		DFACFB1F2E67D7BF00CC336C /* Build configuration list for PBXProject "Greyspace" */ = {
			isa = XCConfigurationList;
			buildConfigurations = (
				DFACFB432E67D7C100CC336C /* Debug */,
				DFACFB442E67D7C100CC336C /* Release */,
			);
			defaultConfigurationIsVisible = 0;
			defaultConfigurationName = Release;
		};
		DFACFB452E67D7C100CC336C /* Build configuration list for PBXNativeTarget "Greyspace" */ = {
			isa = XCConfigurationList;
			buildConfigurations = (
				DFACFB462E67D7C100CC336C /* Debug */,
				DFACFB472E67D7C100CC336C /* Release */,
			);
			defaultConfigurationIsVisible = 0;
			defaultConfigurationName = Release;
		};
		DFACFB482E67D7C100CC336C /* Build configuration list for PBXNativeTarget "GreyspaceTests" */ = {
			isa = XCConfigurationList;
			buildConfigurations = (
				DFACFB492E67D7C100CC336C /* Debug */,
				DFACFB4A2E67D7C100CC336C /* Release */,
			);
			defaultConfigurationIsVisible = 0;
			defaultConfigurationName = Release;
		};
		DFACFB4B2E67D7C100CC336C /* Build configuration list for PBXNativeTarget "GreyspaceUITests" */ = {
			isa = XCConfigurationList;
			buildConfigurations = (
				DFACFB4C2E67D7C100CC336C /* Debug */,
				DFACFB4D2E67D7C100CC336C /* Release */,
			);
			defaultConfigurationIsVisible = 0;
			defaultConfigurationName = Release;
		};
/* End XCConfigurationList section */
	};
	rootObject = DFACFB1C2E67D7BF00CC336C /* Project object */;
}
